{
  "object": {
    "pins": [
      {
        "package": "CodeScanner",
        "repositoryURL": "https://github.com/twostraws/CodeScanner.git",
        "state": {
          "branch": null,
          "revision": "0519543ae943db85b360a96962242887daeca2b5",
          "version": "1.0.3"
        }
      },
      {
        "package": "QGrid",
        "repositoryURL": "https://github.com/Q-Mobile/QGrid",
        "state": {
          "branch": null,
          "revision": "40607aec336a8097c94bcadb81762592d89073ac",
          "version": "0.1.3"
        }
      }
    ]
  },
  "version": 1
}
